
Microsoft Visual Studio Solution File, Format Version 11.00
# Visual Studio 2010
Project("{FAE04EC0-301F-11D3-BF4B-00C04F79EFBC}") = "Assembly-CSharp", "Assembly-CSharp.csproj", "{6764c61b-7cd0-cecd-fcc2-39a0b4ac56d9}"
EndProject
Project("{FAE04EC0-301F-11D3-BF4B-00C04F79EFBC}") = "Assembly-CSharp-firstpass", "Assembly-CSharp-firstpass.csproj", "{73def242-1ddb-5cf5-3763-73eecb993b18}"
EndProject
Project("{FAE04EC0-301F-11D3-BF4B-00C04F79EFBC}") = "Assembly-CSharp-Editor-firstpass", "Assembly-CSharp-Editor-firstpass.csproj", "{3a70446e-eb24-e8ee-1c78-3b35b61fa901}"
EndProject
Global
	GlobalSection(SolutionConfigurationPlatforms) = preSolution
		Debug|Any CPU = Debug|Any CPU
		Release|Any CPU = Release|Any CPU
	EndGlobalSection
	GlobalSection(ProjectConfigurationPlatforms) = postSolution
		{6764c61b-7cd0-cecd-fcc2-39a0b4ac56d9}.Debug|Any CPU.ActiveCfg = Debug|Any CPU
		{6764c61b-7cd0-cecd-fcc2-39a0b4ac56d9}.Debug|Any CPU.Build.0 = Debug|Any CPU
		{6764c61b-7cd0-cecd-fcc2-39a0b4ac56d9}.Release|Any CPU.ActiveCfg = Release|Any CPU
		{6764c61b-7cd0-cecd-fcc2-39a0b4ac56d9}.Release|Any CPU.Build.0 = Release|Any CPU
		{73def242-1ddb-5cf5-3763-73eecb993b18}.Debug|Any CPU.ActiveCfg = Debug|Any CPU
		{73def242-1ddb-5cf5-3763-73eecb993b18}.Debug|Any CPU.Build.0 = Debug|Any CPU
		{73def242-1ddb-5cf5-3763-73eecb993b18}.Release|Any CPU.ActiveCfg = Release|Any CPU
		{73def242-1ddb-5cf5-3763-73eecb993b18}.Release|Any CPU.Build.0 = Release|Any CPU
		{3a70446e-eb24-e8ee-1c78-3b35b61fa901}.Debug|Any CPU.ActiveCfg = Debug|Any CPU
		{3a70446e-eb24-e8ee-1c78-3b35b61fa901}.Debug|Any CPU.Build.0 = Debug|Any CPU
		{3a70446e-eb24-e8ee-1c78-3b35b61fa901}.Release|Any CPU.ActiveCfg = Release|Any CPU
		{3a70446e-eb24-e8ee-1c78-3b35b61fa901}.Release|Any CPU.Build.0 = Release|Any CPU
	EndGlobalSection
	GlobalSection(SolutionProperties) = preSolution
		HideSolutionNode = FALSE
	EndGlobalSection
EndGlobal
